
Microsoft Visual Studio Solution File, Format Version 12.00
# Visual Studio Version 17
VisualStudioVersion = 17.5.33516.290
MinimumVisualStudioVersion = 10.0.40219.1
Project("{9A19103F-16F7-4668-BE54-9A1E7A4F7556}") = "Service2", "Service2\Service2.csproj", "{2119F56B-00E5-467F-938C-98E5E3C0CF27}"
EndProject
Project("{9A19103F-16F7-4668-BE54-9A1E7A4F7556}") = "SharedContent", "..\SharedContent\SharedContent\SharedContent.csproj", "{845253AA-0069-488D-942E-1C5030C4E0EC}"
EndProject
Global
	GlobalSection(SolutionConfigurationPlatforms) = preSolution
		Debug|Any CPU = Debug|Any CPU
		Release|Any CPU = Release|Any CPU
	EndGlobalSection
	GlobalSection(ProjectConfigurationPlatforms) = postSolution
		{2119F56B-00E5-467F-938C-98E5E3C0CF27}.Debug|Any CPU.ActiveCfg = Debug|Any CPU
		{2119F56B-00E5-467F-938C-98E5E3C0CF27}.Debug|Any CPU.Build.0 = Debug|Any CPU
		{2119F56B-00E5-467F-938C-98E5E3C0CF27}.Release|Any CPU.ActiveCfg = Release|Any CPU
		{2119F56B-00E5-467F-938C-98E5E3C0CF27}.Release|Any CPU.Build.0 = Release|Any CPU
		{845253AA-0069-488D-942E-1C5030C4E0EC}.Debug|Any CPU.ActiveCfg = Debug|Any CPU
		{845253AA-0069-488D-942E-1C5030C4E0EC}.Debug|Any CPU.Build.0 = Debug|Any CPU
		{845253AA-0069-488D-942E-1C5030C4E0EC}.Release|Any CPU.ActiveCfg = Release|Any CPU
		{845253AA-0069-488D-942E-1C5030C4E0EC}.Release|Any CPU.Build.0 = Release|Any CPU
	EndGlobalSection
	GlobalSection(SolutionProperties) = preSolution
		HideSolutionNode = FALSE
	EndGlobalSection
	GlobalSection(ExtensibilityGlobals) = postSolution
		SolutionGuid = {A29C097F-335F-466F-82A8-1DEC3CBDEABD}
	EndGlobalSection
EndGlobal
